# THIS IS AN AUTOGENERATED FILE. DO NOT EDIT THIS FILE DIRECTLY.
# yarn lockfile v1


react-native-simple-toast@^3.2.0:
  version "3.2.0"
  resolved "https://registry.yarnpkg.com/react-native-simple-toast/-/react-native-simple-toast-3.2.0.tgz#61ade1a87ffdc506855b7ecaa5a716f09b5e0e7d"
  integrity sha512-aiv162Zr4fRAy1RY6fjrl3zZV1DVQJhvKAoS7d+Vylm7SgYEnt/MKrQcXDT21SVmunONvKx7KpDylzfSpgnDPw==
